<?xml version="1.0" encoding="utf-8"?>
<Project ToolsVersion="4.0" xmlns="http://schemas.microsoft.com/developer/msbuild/2003">
  <ItemGroup>
    <Filter Include="Source Files">
      <UniqueIdentifier>{4FC737F1-C7A5-4376-A066-2A32D752A2FF}</UniqueIdentifier>
      <Extensions>cpp;c;cc;cxx;def;odl;idl;hpj;bat;asm;asmx</Extensions>
    </Filter>
    <Filter Include="Header Files">
      <UniqueIdentifier>{93995380-89BD-4b04-88EB-625FBE52EBFB}</UniqueIdentifier>
      <Extensions>h;hh;hpp;hxx;hm;inl;inc;xsd</Extensions>
    </Filter>
    <Filter Include="Resource Files">
      <UniqueIdentifier>{67DA6AB6-F800-4c08-8B7A-83BB121AAD01}</UniqueIdentifier>
      <Extensions>rc;ico;cur;bmp;dlg;rc2;rct;bin;rgs;gif;jpg;jpeg;jpe;resx;tiff;tif;png;wav;mfcribbon-ms</Extensions>
    </Filter>
    <Filter Include="Source Files\Entities">
      <UniqueIdentifier>{e85c5031-c4c5-4469-8cc6-9df806d42c3b}</UniqueIdentifier>
    </Filter>
    <Filter Include="Source Files\Fundementals">
      <UniqueIdentifier>{883ef609-1eec-4179-836c-98dd6d622245}</UniqueIdentifier>
    </Filter>
    <Filter Include="Source Files\Materials">
      <UniqueIdentifier>{722042cc-2d35-4276-b3e1-8c59edd7b608}</UniqueIdentifier>
    </Filter>
    <Filter Include="Resource Files\Shaders">
      <UniqueIdentifier>{2fd537d9-fece-4ac6-8699-5b424847fdf3}</UniqueIdentifier>
    </Filter>
  </ItemGroup>
  <ItemGroup>
    <ClCompile Include="main.cpp">
      <Filter>Source Files</Filter>
    </ClCompile>
    <ClCompile Include="LoadShaders.cpp">
      <Filter>Source Files</Filter>
    </ClCompile>
    <ClCompile Include="Entity.cpp">
      <Filter>Source Files\Entities</Filter>
    </ClCompile>
    <ClCompile Include="ModelEntity.cpp">
      <Filter>Source Files\Entities</Filter>
    </ClCompile>
    <ClCompile Include="Model.cpp">
      <Filter>Source Files\Fundementals</Filter>
    </ClCompile>
    <ClCompile Include="Texture2D.cpp">
      <Filter>Source Files\Fundementals</Filter>
    </ClCompile>
    <ClCompile Include="Utility.cpp">
      <Filter>Source Files\Fundementals</Filter>
    </ClCompile>
    <ClCompile Include="Camera.cpp">
      <Filter>Source Files\Fundementals</Filter>
    </ClCompile>
    <ClCompile Include="Mesh.cpp">
      <Filter>Source Files\Fundementals</Filter>
    </ClCompile>
    <ClCompile Include="GenericMvpSolid.cpp">
      <Filter>Source Files\Materials</Filter>
    </ClCompile>
  </ItemGroup>
  <ItemGroup>
    <ClInclude Include="LoadShaders.h">
      <Filter>Source Files</Filter>
    </ClInclude>
    <ClInclude Include="Entity.h">
      <Filter>Source Files\Entities</Filter>
    </ClInclude>
    <ClInclude Include="ModelEntity.h">
      <Filter>Source Files\Entities</Filter>
    </ClInclude>
    <ClInclude Include="Model.h">
      <Filter>Source Files\Fundementals</Filter>
    </ClInclude>
    <ClInclude Include="Texture2D.h">
      <Filter>Source Files\Fundementals</Filter>
    </ClInclude>
    <ClInclude Include="Utility.h">
      <Filter>Source Files\Fundementals</Filter>
    </ClInclude>
    <ClInclude Include="Camera.h">
      <Filter>Source Files\Fundementals</Filter>
    </ClInclude>
    <ClInclude Include="Material.h">
      <Filter>Source Files\Fundementals</Filter>
    </ClInclude>
    <ClInclude Include="Mesh.h">
      <Filter>Source Files\Fundementals</Filter>
    </ClInclude>
    <ClInclude Include="GenericVertexLit.h">
      <Filter>Source Files\Materials</Filter>
    </ClInclude>
    <ClInclude Include="GenericMvpSolid.h">
      <Filter>Source Files\Materials</Filter>
    </ClInclude>
  </ItemGroup>
  <ItemGroup>
    <None Include="SimpleFragmentShader.fragmentshader">
      <Filter>Resource Files\Shaders</Filter>
    </None>
    <None Include="SimpleVertexShader.vertexshader">
      <Filter>Resource Files\Shaders</Filter>
    </None>
    <None Include="shaders\GenericMvpSolid.fragmentshader">
      <Filter>Resource Files\Shaders</Filter>
    </None>
    <None Include="shaders\GenericMvpSolid.vertexshader">
      <Filter>Resource Files\Shaders</Filter>
    </None>
  </ItemGroup>
</Project>